
Microsoft Visual Studio Solution File, Format Version 12.00
# Visual Studio 2012
Project("{F184B08F-C81C-45F6-A57F-5ABD9991F28F}") = "quanlybanhang_PS03217", "quanlybanhang_PS03217\quanlybanhang_PS03217.vbproj", "{17853D39-5A1C-4178-8D45-C4360F371B92}"
EndProject
Global
	GlobalSection(SolutionConfigurationPlatforms) = preSolution
		Debug|Any CPU = Debug|Any CPU
		Release|Any CPU = Release|Any CPU
	EndGlobalSection
	GlobalSection(ProjectConfigurationPlatforms) = postSolution
		{17853D39-5A1C-4178-8D45-C4360F371B92}.Debug|Any CPU.ActiveCfg = Debug|Any CPU
		{17853D39-5A1C-4178-8D45-C4360F371B92}.Debug|Any CPU.Build.0 = Debug|Any CPU
		{17853D39-5A1C-4178-8D45-C4360F371B92}.Release|Any CPU.ActiveCfg = Release|Any CPU
		{17853D39-5A1C-4178-8D45-C4360F371B92}.Release|Any CPU.Build.0 = Release|Any CPU
	EndGlobalSection
	GlobalSection(SolutionProperties) = preSolution
		HideSolutionNode = FALSE
	EndGlobalSection
EndGlobal
